<?xml version="1.0" encoding="utf-8"?>
<Project ToolsVersion="4.0" xmlns="http://schemas.microsoft.com/developer/msbuild/2003">
  <ItemGroup>
    <Filter Include="源文件">
      <UniqueIdentifier>{4FC737F1-C7A5-4376-A066-2A32D752A2FF}</UniqueIdentifier>
      <Extensions>cpp;c;cc;cxx;c++;cppm;ixx;def;odl;idl;hpj;bat;asm;asmx</Extensions>
    </Filter>
    <Filter Include="头文件">
      <UniqueIdentifier>{93995380-89BD-4b04-88EB-625FBE52EBFB}</UniqueIdentifier>
      <Extensions>h;hh;hpp;hxx;h++;hm;inl;inc;ipp;xsd</Extensions>
    </Filter>
    <Filter Include="资源文件">
      <UniqueIdentifier>{67DA6AB6-F800-4c08-8B7A-83BB121AAD01}</UniqueIdentifier>
      <Extensions>rc;ico;cur;bmp;dlg;rc2;rct;bin;rgs;gif;jpg;jpeg;jpe;resx;tiff;tif;png;wav;mfcribbon-ms</Extensions>
    </Filter>
  </ItemGroup>
  <ItemGroup>
    <ClCompile Include="01二维数组.cpp">
      <Filter>源文件</Filter>
    </ClCompile>
    <ClCompile Include="ConsoleApplication3.cpp">
      <Filter>源文件</Filter>
    </ClCompile>
    <ClCompile Include="02 指针交换两个数.cpp">
      <Filter>源文件</Filter>
    </ClCompile>
    <ClCompile Include="03全组合.cpp">
      <Filter>源文件</Filter>
    </ClCompile>
    <ClCompile Include="04汉诺塔.cpp">
      <Filter>源文件</Filter>
    </ClCompile>
    <ClCompile Include="05引用.cpp">
      <Filter>源文件</Filter>
    </ClCompile>
    <ClCompile Include="06引用做函数返回值.cpp">
      <Filter>源文件</Filter>
    </ClCompile>
    <ClCompile Include="07函数重载.cpp">
      <Filter>源文件</Filter>
    </ClCompile>
    <ClCompile Include="08类.cpp">
      <Filter>源文件</Filter>
    </ClCompile>
    <ClCompile Include="09类权限.cpp">
      <Filter>源文件</Filter>
    </ClCompile>
    <ClCompile Include="10类_练习.cpp">
      <Filter>源文件</Filter>
    </ClCompile>
    <ClCompile Include="11构造函数 析构函数.cpp">
      <Filter>源文件</Filter>
    </ClCompile>
    <ClCompile Include="12构造函数调用原则.cpp">
      <Filter>源文件</Filter>
    </ClCompile>
    <ClCompile Include="13深浅拷贝.cpp">
      <Filter>源文件</Filter>
    </ClCompile>
    <ClCompile Include="14初始化列表.cpp">
      <Filter>源文件</Filter>
    </ClCompile>
    <ClCompile Include="15类对象作为类成员.cpp">
      <Filter>源文件</Filter>
    </ClCompile>
    <ClCompile Include="16静态成员变量.cpp">
      <Filter>源文件</Filter>
    </ClCompile>
    <ClCompile Include="17this指针.cpp">
      <Filter>源文件</Filter>
    </ClCompile>
    <ClCompile Include="指针相关.cpp">
      <Filter>源文件</Filter>
    </ClCompile>
    <ClCompile Include="19全局函数做友元.cpp">
      <Filter>源文件</Filter>
    </ClCompile>
    <ClCompile Include="18类做友元.cpp">
      <Filter>源文件</Filter>
    </ClCompile>
    <ClCompile Include="20成员函数友元.cpp">
      <Filter>源文件</Filter>
    </ClCompile>
    <ClCompile Include="21运算符重载.cpp">
      <Filter>源文件</Filter>
    </ClCompile>
    <ClCompile Include="22左移运算符重载.cpp">
      <Filter>源文件</Filter>
    </ClCompile>
    <ClCompile Include="23递增运算符重载.cpp">
      <Filter>源文件</Filter>
    </ClCompile>
    <ClCompile Include="24递减运算符.cpp">
      <Filter>源文件</Filter>
    </ClCompile>
    <ClCompile Include="25赋值运算符重载.cpp">
      <Filter>源文件</Filter>
    </ClCompile>
    <ClCompile Include="26函数调用符重载.cpp">
      <Filter>源文件</Filter>
    </ClCompile>
    <ClCompile Include="默认参数.cpp">
      <Filter>源文件</Filter>
    </ClCompile>
  </ItemGroup>
  <ItemGroup>
    <ClInclude Include="swap.h">
      <Filter>头文件</Filter>
    </ClInclude>
  </ItemGroup>
</Project>